
Microsoft Visual Studio Solution File, Format Version 12.00
# Visual Studio Version 16
VisualStudioVersion = 16.0.31129.286
MinimumVisualStudioVersion = 10.0.40219.1
Project("{FAE04EC0-301F-11D3-BF4B-00C04F79EFBC}") = "NoteIT.Android", "NoteIT\NoteIT.Android\NoteIT.Android.csproj", "{2A64FCD2-258F-4638-AF0C-8B696B762706}"
EndProject
Project("{9A19103F-16F7-4668-BE54-9A1E7A4F7556}") = "NoteIT", "NoteIT\NoteIT\NoteIT.csproj", "{3394E048-43ED-4FBC-9A0B-84CEFF0DF8A9}"
EndProject
Global
	GlobalSection(SolutionConfigurationPlatforms) = preSolution
		Debug|Any CPU = Debug|Any CPU
		Release|Any CPU = Release|Any CPU
	EndGlobalSection
	GlobalSection(ProjectConfigurationPlatforms) = postSolution
		{2A64FCD2-258F-4638-AF0C-8B696B762706}.Debug|Any CPU.ActiveCfg = Debug|Any CPU
		{2A64FCD2-258F-4638-AF0C-8B696B762706}.Debug|Any CPU.Build.0 = Debug|Any CPU
		{2A64FCD2-258F-4638-AF0C-8B696B762706}.Debug|Any CPU.Deploy.0 = Debug|Any CPU
		{2A64FCD2-258F-4638-AF0C-8B696B762706}.Release|Any CPU.ActiveCfg = Release|Any CPU
		{2A64FCD2-258F-4638-AF0C-8B696B762706}.Release|Any CPU.Build.0 = Release|Any CPU
		{2A64FCD2-258F-4638-AF0C-8B696B762706}.Release|Any CPU.Deploy.0 = Release|Any CPU
		{3394E048-43ED-4FBC-9A0B-84CEFF0DF8A9}.Debug|Any CPU.ActiveCfg = Debug|Any CPU
		{3394E048-43ED-4FBC-9A0B-84CEFF0DF8A9}.Debug|Any CPU.Build.0 = Debug|Any CPU
		{3394E048-43ED-4FBC-9A0B-84CEFF0DF8A9}.Debug|Any CPU.Deploy.0 = Debug|Any CPU
		{3394E048-43ED-4FBC-9A0B-84CEFF0DF8A9}.Release|Any CPU.ActiveCfg = Release|Any CPU
		{3394E048-43ED-4FBC-9A0B-84CEFF0DF8A9}.Release|Any CPU.Build.0 = Release|Any CPU
		{3394E048-43ED-4FBC-9A0B-84CEFF0DF8A9}.Release|Any CPU.Deploy.0 = Release|Any CPU
	EndGlobalSection
	GlobalSection(SolutionProperties) = preSolution
		HideSolutionNode = FALSE
	EndGlobalSection
	GlobalSection(ExtensibilityGlobals) = postSolution
		SolutionGuid = {004272A8-9CF2-4C61-AF0A-1E96FC0692FA}
	EndGlobalSection
EndGlobal
